
Microsoft Visual Studio Solution File, Format Version 12.00
# Visual Studio Version 16
VisualStudioVersion = 16.0.31205.134
MinimumVisualStudioVersion = 10.0.40219.1
Project("{FAE04EC0-301F-11D3-BF4B-00C04F79EFBC}") = "dislPSS_Free", "dislPSS_Free\dislPSS_Free.csproj", "{C93CB197-EB4A-41D0-8E99-E92D3414EA5E}"
EndProject
Global
	GlobalSection(SolutionConfigurationPlatforms) = preSolution
		Debug|Any CPU = Debug|Any CPU
		Release|Any CPU = Release|Any CPU
	EndGlobalSection
	GlobalSection(ProjectConfigurationPlatforms) = postSolution
		{C93CB197-EB4A-41D0-8E99-E92D3414EA5E}.Debug|Any CPU.ActiveCfg = Debug|Any CPU
		{C93CB197-EB4A-41D0-8E99-E92D3414EA5E}.Debug|Any CPU.Build.0 = Debug|Any CPU
		{C93CB197-EB4A-41D0-8E99-E92D3414EA5E}.Release|Any CPU.ActiveCfg = Release|Any CPU
		{C93CB197-EB4A-41D0-8E99-E92D3414EA5E}.Release|Any CPU.Build.0 = Release|Any CPU
	EndGlobalSection
	GlobalSection(SolutionProperties) = preSolution
		HideSolutionNode = FALSE
	EndGlobalSection
	GlobalSection(ExtensibilityGlobals) = postSolution
		SolutionGuid = {BB9FED84-147F-4D32-81F5-63D0B61DAF84}
	EndGlobalSection
EndGlobal
